
Microsoft Visual Studio Solution File, Format Version 12.00
# Visual Studio Version 17
VisualStudioVersion = 17.13.35931.197 d17.13
MinimumVisualStudioVersion = 10.0.40219.1
Project("{8BC9CEB8-8B4A-11D0-8D11-00A0C91BC942}") = "Project4", "Project4\Project4.vcxproj", "{DE8561D1-6FEE-4D47-8434-2BAAC195D7C9}"
EndProject
Global
	GlobalSection(SolutionConfigurationPlatforms) = preSolution
		Debug|x64 = Debug|x64
		Debug|x86 = Debug|x86
		Release|x64 = Release|x64
		Release|x86 = Release|x86
	EndGlobalSection
	GlobalSection(ProjectConfigurationPlatforms) = postSolution
		{DE8561D1-6FEE-4D47-8434-2BAAC195D7C9}.Debug|x64.ActiveCfg = Debug|x64
		{DE8561D1-6FEE-4D47-8434-2BAAC195D7C9}.Debug|x64.Build.0 = Debug|x64
		{DE8561D1-6FEE-4D47-8434-2BAAC195D7C9}.Debug|x86.ActiveCfg = Debug|Win32
		{DE8561D1-6FEE-4D47-8434-2BAAC195D7C9}.Debug|x86.Build.0 = Debug|Win32
		{DE8561D1-6FEE-4D47-8434-2BAAC195D7C9}.Release|x64.ActiveCfg = Release|x64
		{DE8561D1-6FEE-4D47-8434-2BAAC195D7C9}.Release|x64.Build.0 = Release|x64
		{DE8561D1-6FEE-4D47-8434-2BAAC195D7C9}.Release|x86.ActiveCfg = Release|Win32
		{DE8561D1-6FEE-4D47-8434-2BAAC195D7C9}.Release|x86.Build.0 = Release|Win32
	EndGlobalSection
	GlobalSection(SolutionProperties) = preSolution
		HideSolutionNode = FALSE
	EndGlobalSection
	GlobalSection(ExtensibilityGlobals) = postSolution
		SolutionGuid = {CB45F8DC-E5EF-41CD-AF20-E8AACFEA3C84}
	EndGlobalSection
EndGlobal
